
Microsoft Visual Studio Solution File, Format Version 12.00
# Visual Studio Version 17
VisualStudioVersion = 17.2.32630.192
MinimumVisualStudioVersion = 10.0.40219.1
Project("{888888A0-9F3D-457C-B088-3A5042F75D52}") = "1semPythonHW", "1semPythonHW.pyproj", "{8BED79AC-1077-467B-9534-FB03296DA32A}"
EndProject
Global
	GlobalSection(SolutionConfigurationPlatforms) = preSolution
		Debug|Any CPU = Debug|Any CPU
		Release|Any CPU = Release|Any CPU
	EndGlobalSection
	GlobalSection(ProjectConfigurationPlatforms) = postSolution
		{8BED79AC-1077-467B-9534-FB03296DA32A}.Debug|Any CPU.ActiveCfg = Debug|Any CPU
		{8BED79AC-1077-467B-9534-FB03296DA32A}.Release|Any CPU.ActiveCfg = Release|Any CPU
	EndGlobalSection
	GlobalSection(SolutionProperties) = preSolution
		HideSolutionNode = FALSE
	EndGlobalSection
	GlobalSection(ExtensibilityGlobals) = postSolution
		SolutionGuid = {672E8A71-A18D-4D55-939E-13681AB6C1D4}
	EndGlobalSection
EndGlobal
